
Microsoft Visual Studio Solution File, Format Version 12.00
# Visual Studio Version 17
VisualStudioVersion = 17.14.36301.6 d17.14
MinimumVisualStudioVersion = 10.0.40219.1
Project("{FAE04EC0-301F-11D3-BF4B-00C04F79EFBC}") = "StudentsInventory", "StudentsInventory.csproj", "{3EE227DD-C653-4F93-8B70-A6E3A7843140}"
EndProject
Global
	GlobalSection(SolutionConfigurationPlatforms) = preSolution
		Debug|Any CPU = Debug|Any CPU
		Release|Any CPU = Release|Any CPU
	EndGlobalSection
	GlobalSection(ProjectConfigurationPlatforms) = postSolution
		{3EE227DD-C653-4F93-8B70-A6E3A7843140}.Debug|Any CPU.ActiveCfg = Debug|Any CPU
		{3EE227DD-C653-4F93-8B70-A6E3A7843140}.Debug|Any CPU.Build.0 = Debug|Any CPU
		{3EE227DD-C653-4F93-8B70-A6E3A7843140}.Release|Any CPU.ActiveCfg = Release|Any CPU
		{3EE227DD-C653-4F93-8B70-A6E3A7843140}.Release|Any CPU.Build.0 = Release|Any CPU
	EndGlobalSection
	GlobalSection(SolutionProperties) = preSolution
		HideSolutionNode = FALSE
	EndGlobalSection
	GlobalSection(ExtensibilityGlobals) = postSolution
		SolutionGuid = {18C0FFD7-546F-49D6-A468-D5F072067104}
	EndGlobalSection
EndGlobal
